{
  "nodes": {
    "agenix": {
      "inputs": {
        "nixpkgs": "nixpkgs"
      },
      "locked": {
        "lastModified": 1631896269,
        "narHash": "sha256-DAyCxJ8JacayOzGgGSfzrn7ghtsfL/EsCyk1NEUaAR8=",
        "owner": "ryantm",
        "repo": "agenix",
        "rev": "daf1d773989ac5d949aeef03fce0fe27e583dbca",
        "type": "github"
      },
      "original": {
        "owner": "ryantm",
        "repo": "agenix",
        "type": "github"
      }
    },
    "fu": {
      "locked": {
        "lastModified": 1631561581,
        "narHash": "sha256-3VQMV5zvxaVLvqqUrNz3iJelLw30mIVSfZmAaauM3dA=",
        "owner": "numtide",
        "repo": "flake-utils",
        "rev": "7e5bf3925f6fbdfaf50a2a7ca0be2879c4261d19",
        "type": "github"
      },
      "original": {
        "owner": "numtide",
        "repo": "flake-utils",
        "type": "github"
      }
    },
    "hm": {
      "inputs": {
        "nixpkgs": [
          "nixpkgs"
        ]
      },
      "locked": {
        "lastModified": 1632838573,
        "narHash": "sha256-0GJKyDy7YYhN6s0qji+wzwnawvPzuovqfbmVloeYDcI=",
        "owner": "nix-community",
        "repo": "home-manager",
        "rev": "959217e51dbd07d0de6dcbddfbfcb4f2efdc0c1e",
        "type": "github"
      },
      "original": {
        "owner": "nix-community",
        "repo": "home-manager",
        "type": "github"
      }
    },
    "master": {
      "locked": {
        "lastModified": 1632383286,
        "narHash": "sha256-WF49nWAN8saKDjXvXTiIIJRPDHgTkTYgTUMabnN+tRc=",
        "owner": "NixOS",
        "repo": "nixpkgs",
        "rev": "a3a23d9599b0a82e333ad91db2cdc479313ce154",
        "type": "github"
      },
      "original": {
        "owner": "NixOS",
        "ref": "nixpkgs-unstable",
        "repo": "nixpkgs",
        "type": "github"
      }
    },
    "nixos-hardware": {
      "locked": {
        "lastModified": 1632267580,
        "narHash": "sha256-AvNXdmaPHYs6idbfgu1H40vEw4Wq15xLAgCnpCN1l1A=",
        "owner": "NixOS",
        "repo": "nixos-hardware",
        "rev": "3cc8c47af31798040ea62499090540413279f832",
        "type": "github"
      },
      "original": {
        "owner": "NixOS",
        "ref": "master",
        "repo": "nixos-hardware",
        "type": "github"
      }
    },
    "nixpkgs": {
      "locked": {
        "lastModified": 1618628710,
        "narHash": "sha256-9xIoU+BrCpjs5nfWcd/GlU7XCVdnNKJPffoNTxgGfhs=",
        "path": "/nix/store/z1rf17q0fxj935cmplzys4gg6nxj1as0-source",
        "rev": "7919518f0235106d050c77837df5e338fb94de5d",
        "type": "path"
      },
      "original": {
        "id": "nixpkgs",
        "type": "indirect"
      }
    },
    "nixpkgs_2": {
      "locked": {
        "lastModified": 1632853788,
        "narHash": "sha256-hi+QV6r4ACvT8oUGYaVb6O6kCWp2UfbLeqHp58vL+zA=",
        "owner": "NixOS",
        "repo": "nixpkgs",
        "rev": "f68d7408c6f41ca5493eb0cf6608d75a89f6b358",
        "type": "github"
      },
      "original": {
        "owner": "NixOS",
        "repo": "nixpkgs",
        "type": "github"
      }
    },
    "nur": {
      "locked": {
        "lastModified": 1632853126,
        "narHash": "sha256-mzD5JwFacQpZkSjRixTHeRLkgOpXTtTW4sh4EmQa8ww=",
        "owner": "nix-community",
        "repo": "nur",
        "rev": "8d99842098bc31bb32e3f7709e9b9ecb083b16ac",
        "type": "github"
      },
      "original": {
        "owner": "nix-community",
        "repo": "nur",
        "type": "github"
      }
    },
    "root": {
      "inputs": {
        "agenix": "agenix",
        "fu": "fu",
        "hm": "hm",
        "master": "master",
        "nixos-hardware": "nixos-hardware",
        "nixpkgs": "nixpkgs_2",
        "nur": "nur",
        "rust-overlay": "rust-overlay",
        "utils": "utils"
      }
    },
    "rust-overlay": {
      "inputs": {
        "flake-utils": [
          "fu"
        ],
        "nixpkgs": [
          "nixpkgs"
        ]
      },
      "locked": {
        "lastModified": 1635819430,
        "narHash": "sha256-z/XzPW4jQPhXWL9jFXIdbnVv/ch7v7rCcgL2TEMpPnY=",
        "owner": "oxalica",
        "repo": "rust-overlay",
        "rev": "632a079c10e64192f89ba0d06c0c60825f062ae4",
        "type": "github"
      },
      "original": {
        "owner": "oxalica",
        "repo": "rust-overlay",
        "type": "github"
      }
    },
    "utils": {
      "inputs": {
        "flake-utils": [
          "fu"
        ]
      },
      "locked": {
        "lastModified": 1632420560,
        "narHash": "sha256-8Tsa4Hp/CHCA6J8/E7EODhp75z5N1NBhFiOb3lBv/tI=",
        "owner": "gytis-ivaskevicius",
        "repo": "flake-utils-plus",
        "rev": "4b1bcafcfcd78bd36ceabfe3872822ba5c7fcbe8",
        "type": "github"
      },
      "original": {
        "owner": "gytis-ivaskevicius",
        "ref": "master",
        "repo": "flake-utils-plus",
        "type": "github"
      }
    }
  },
  "root": "root",
  "version": 7
}
